
Microsoft Visual Studio Solution File, Format Version 12.00
# Visual Studio 14
VisualStudioVersion = 14.0.25420.1
MinimumVisualStudioVersion = 10.0.40219.1
Project("{FAE04EC0-301F-11D3-BF4B-00C04F79EFBC}") = "PcapParser", "PcapParser.csproj", "{C3BD6765-D5BF-4F84-8660-E65596205A10}"
EndProject
Global
	GlobalSection(SolutionConfigurationPlatforms) = preSolution
		Debug|Any CPU = Debug|Any CPU
		Release|Any CPU = Release|Any CPU
	EndGlobalSection
	GlobalSection(ProjectConfigurationPlatforms) = postSolution
		{C3BD6765-D5BF-4F84-8660-E65596205A10}.Debug|Any CPU.ActiveCfg = Debug|Any CPU
		{C3BD6765-D5BF-4F84-8660-E65596205A10}.Debug|Any CPU.Build.0 = Debug|Any CPU
		{C3BD6765-D5BF-4F84-8660-E65596205A10}.Release|Any CPU.ActiveCfg = Release|Any CPU
		{C3BD6765-D5BF-4F84-8660-E65596205A10}.Release|Any CPU.Build.0 = Release|Any CPU
	EndGlobalSection
	GlobalSection(SolutionProperties) = preSolution
		HideSolutionNode = FALSE
	EndGlobalSection
EndGlobal
